
Microsoft Visual Studio Solution File, Format Version 12.00
# Visual Studio Version 17
VisualStudioVersion = 17.11.35222.181
MinimumVisualStudioVersion = 10.0.40219.1
Project("{FAE04EC0-301F-11D3-BF4B-00C04F79EFBC}") = "Szamelmelet", "Szamelmelet.csproj", "{B2063F0D-AB8B-41E0-9988-F570883F98EE}"
EndProject
Global
	GlobalSection(SolutionConfigurationPlatforms) = preSolution
		Debug|Any CPU = Debug|Any CPU
		Release|Any CPU = Release|Any CPU
	EndGlobalSection
	GlobalSection(ProjectConfigurationPlatforms) = postSolution
		{B2063F0D-AB8B-41E0-9988-F570883F98EE}.Debug|Any CPU.ActiveCfg = Debug|Any CPU
		{B2063F0D-AB8B-41E0-9988-F570883F98EE}.Debug|Any CPU.Build.0 = Debug|Any CPU
		{B2063F0D-AB8B-41E0-9988-F570883F98EE}.Release|Any CPU.ActiveCfg = Release|Any CPU
		{B2063F0D-AB8B-41E0-9988-F570883F98EE}.Release|Any CPU.Build.0 = Release|Any CPU
	EndGlobalSection
	GlobalSection(SolutionProperties) = preSolution
		HideSolutionNode = FALSE
	EndGlobalSection
	GlobalSection(ExtensibilityGlobals) = postSolution
		SolutionGuid = {F19DF37F-1B0E-45B5-B88E-0088311A89EA}
	EndGlobalSection
EndGlobal
