
Microsoft Visual Studio Solution File, Format Version 12.00
# Visual Studio Version 17
VisualStudioVersion = 17.11.35222.181
MinimumVisualStudioVersion = 10.0.40219.1
Project("{FAE04EC0-301F-11D3-BF4B-00C04F79EFBC}") = "AtlagosanLegmeleg", "AtlagosanLegmeleg.csproj", "{980F46D1-E63B-4452-8871-8C7207C53556}"
EndProject
Global
	GlobalSection(SolutionConfigurationPlatforms) = preSolution
		Debug|Any CPU = Debug|Any CPU
		Release|Any CPU = Release|Any CPU
	EndGlobalSection
	GlobalSection(ProjectConfigurationPlatforms) = postSolution
		{980F46D1-E63B-4452-8871-8C7207C53556}.Debug|Any CPU.ActiveCfg = Debug|Any CPU
		{980F46D1-E63B-4452-8871-8C7207C53556}.Debug|Any CPU.Build.0 = Debug|Any CPU
		{980F46D1-E63B-4452-8871-8C7207C53556}.Release|Any CPU.ActiveCfg = Release|Any CPU
		{980F46D1-E63B-4452-8871-8C7207C53556}.Release|Any CPU.Build.0 = Release|Any CPU
	EndGlobalSection
	GlobalSection(SolutionProperties) = preSolution
		HideSolutionNode = FALSE
	EndGlobalSection
	GlobalSection(ExtensibilityGlobals) = postSolution
		SolutionGuid = {EAE9D0DE-9BB5-4CCE-B2AF-F5A9C798A161}
	EndGlobalSection
EndGlobal
