
Microsoft Visual Studio Solution File, Format Version 12.00
# Visual Studio Version 17
VisualStudioVersion = 17.11.35222.181
MinimumVisualStudioVersion = 10.0.40219.1
Project("{FAE04EC0-301F-11D3-BF4B-00C04F79EFBC}") = "Melegebb", "Melegebb.csproj", "{F757491D-E628-4164-8E7D-3D3BD819BBB7}"
EndProject
Global
	GlobalSection(SolutionConfigurationPlatforms) = preSolution
		Debug|Any CPU = Debug|Any CPU
		Release|Any CPU = Release|Any CPU
	EndGlobalSection
	GlobalSection(ProjectConfigurationPlatforms) = postSolution
		{F757491D-E628-4164-8E7D-3D3BD819BBB7}.Debug|Any CPU.ActiveCfg = Debug|Any CPU
		{F757491D-E628-4164-8E7D-3D3BD819BBB7}.Debug|Any CPU.Build.0 = Debug|Any CPU
		{F757491D-E628-4164-8E7D-3D3BD819BBB7}.Release|Any CPU.ActiveCfg = Release|Any CPU
		{F757491D-E628-4164-8E7D-3D3BD819BBB7}.Release|Any CPU.Build.0 = Release|Any CPU
	EndGlobalSection
	GlobalSection(SolutionProperties) = preSolution
		HideSolutionNode = FALSE
	EndGlobalSection
	GlobalSection(ExtensibilityGlobals) = postSolution
		SolutionGuid = {211577B4-D866-4C46-BB21-52420E18C33E}
	EndGlobalSection
EndGlobal
