
Microsoft Visual Studio Solution File, Format Version 12.00
# Visual Studio Version 17
VisualStudioVersion = 17.11.35222.181
MinimumVisualStudioVersion = 10.0.40219.1
Project("{FAE04EC0-301F-11D3-BF4B-00C04F79EFBC}") = "DragaFenyofak", "DragaFenyofak.csproj", "{D6B38B63-3D29-4838-A57D-737E4751B055}"
EndProject
Global
	GlobalSection(SolutionConfigurationPlatforms) = preSolution
		Debug|Any CPU = Debug|Any CPU
		Release|Any CPU = Release|Any CPU
	EndGlobalSection
	GlobalSection(ProjectConfigurationPlatforms) = postSolution
		{D6B38B63-3D29-4838-A57D-737E4751B055}.Debug|Any CPU.ActiveCfg = Debug|Any CPU
		{D6B38B63-3D29-4838-A57D-737E4751B055}.Debug|Any CPU.Build.0 = Debug|Any CPU
		{D6B38B63-3D29-4838-A57D-737E4751B055}.Release|Any CPU.ActiveCfg = Release|Any CPU
		{D6B38B63-3D29-4838-A57D-737E4751B055}.Release|Any CPU.Build.0 = Release|Any CPU
	EndGlobalSection
	GlobalSection(SolutionProperties) = preSolution
		HideSolutionNode = FALSE
	EndGlobalSection
	GlobalSection(ExtensibilityGlobals) = postSolution
		SolutionGuid = {C64DFE72-D56A-49D4-8769-187ACBB9E410}
	EndGlobalSection
EndGlobal
