
Microsoft Visual Studio Solution File, Format Version 12.00
# Visual Studio Version 17
VisualStudioVersion = 17.11.35222.181
MinimumVisualStudioVersion = 10.0.40219.1
Project("{FAE04EC0-301F-11D3-BF4B-00C04F79EFBC}") = "Rekord", "Rekord.csproj", "{5AD95776-88E3-41A0-AAAA-66051F562BDE}"
EndProject
Global
	GlobalSection(SolutionConfigurationPlatforms) = preSolution
		Debug|Any CPU = Debug|Any CPU
		Release|Any CPU = Release|Any CPU
	EndGlobalSection
	GlobalSection(ProjectConfigurationPlatforms) = postSolution
		{5AD95776-88E3-41A0-AAAA-66051F562BDE}.Debug|Any CPU.ActiveCfg = Debug|Any CPU
		{5AD95776-88E3-41A0-AAAA-66051F562BDE}.Debug|Any CPU.Build.0 = Debug|Any CPU
		{5AD95776-88E3-41A0-AAAA-66051F562BDE}.Release|Any CPU.ActiveCfg = Release|Any CPU
		{5AD95776-88E3-41A0-AAAA-66051F562BDE}.Release|Any CPU.Build.0 = Release|Any CPU
	EndGlobalSection
	GlobalSection(SolutionProperties) = preSolution
		HideSolutionNode = FALSE
	EndGlobalSection
	GlobalSection(ExtensibilityGlobals) = postSolution
		SolutionGuid = {5FC74713-DAC6-41E6-AC17-8D1E664B9B0C}
	EndGlobalSection
EndGlobal
