
Microsoft Visual Studio Solution File, Format Version 12.00
# Visual Studio Version 17
VisualStudioVersion = 17.11.35222.181
MinimumVisualStudioVersion = 10.0.40219.1
Project("{FAE04EC0-301F-11D3-BF4B-00C04F79EFBC}") = "Gyumolcsok", "Gyumolcsok.csproj", "{7C2405B0-7E07-4214-A3D6-BCBEE3702EDE}"
EndProject
Global
	GlobalSection(SolutionConfigurationPlatforms) = preSolution
		Debug|Any CPU = Debug|Any CPU
		Release|Any CPU = Release|Any CPU
	EndGlobalSection
	GlobalSection(ProjectConfigurationPlatforms) = postSolution
		{7C2405B0-7E07-4214-A3D6-BCBEE3702EDE}.Debug|Any CPU.ActiveCfg = Debug|Any CPU
		{7C2405B0-7E07-4214-A3D6-BCBEE3702EDE}.Debug|Any CPU.Build.0 = Debug|Any CPU
		{7C2405B0-7E07-4214-A3D6-BCBEE3702EDE}.Release|Any CPU.ActiveCfg = Release|Any CPU
		{7C2405B0-7E07-4214-A3D6-BCBEE3702EDE}.Release|Any CPU.Build.0 = Release|Any CPU
	EndGlobalSection
	GlobalSection(SolutionProperties) = preSolution
		HideSolutionNode = FALSE
	EndGlobalSection
	GlobalSection(ExtensibilityGlobals) = postSolution
		SolutionGuid = {20C42C95-850F-48D1-8AC6-0FD5A4388525}
	EndGlobalSection
EndGlobal
