
Microsoft Visual Studio Solution File, Format Version 12.00
# Visual Studio Version 17
VisualStudioVersion = 17.11.35222.181
MinimumVisualStudioVersion = 10.0.40219.1
Project("{FAE04EC0-301F-11D3-BF4B-00C04F79EFBC}") = "Parameter", "Parameter.csproj", "{968F0A19-DF99-41F1-84AF-1C05A8B7B15E}"
EndProject
Global
	GlobalSection(SolutionConfigurationPlatforms) = preSolution
		Debug|Any CPU = Debug|Any CPU
		Release|Any CPU = Release|Any CPU
	EndGlobalSection
	GlobalSection(ProjectConfigurationPlatforms) = postSolution
		{968F0A19-DF99-41F1-84AF-1C05A8B7B15E}.Debug|Any CPU.ActiveCfg = Debug|Any CPU
		{968F0A19-DF99-41F1-84AF-1C05A8B7B15E}.Debug|Any CPU.Build.0 = Debug|Any CPU
		{968F0A19-DF99-41F1-84AF-1C05A8B7B15E}.Release|Any CPU.ActiveCfg = Release|Any CPU
		{968F0A19-DF99-41F1-84AF-1C05A8B7B15E}.Release|Any CPU.Build.0 = Release|Any CPU
	EndGlobalSection
	GlobalSection(SolutionProperties) = preSolution
		HideSolutionNode = FALSE
	EndGlobalSection
	GlobalSection(ExtensibilityGlobals) = postSolution
		SolutionGuid = {C36F6372-35B2-4F0D-89FB-828819B65E86}
	EndGlobalSection
EndGlobal
