
Microsoft Visual Studio Solution File, Format Version 12.00
# Visual Studio Version 17
VisualStudioVersion = 17.11.35222.181
MinimumVisualStudioVersion = 10.0.40219.1
Project("{FAE04EC0-301F-11D3-BF4B-00C04F79EFBC}") = "Kocka", "Kocka.csproj", "{98345783-A289-4CC2-8322-774CAFC482E7}"
EndProject
Global
	GlobalSection(SolutionConfigurationPlatforms) = preSolution
		Debug|Any CPU = Debug|Any CPU
		Release|Any CPU = Release|Any CPU
	EndGlobalSection
	GlobalSection(ProjectConfigurationPlatforms) = postSolution
		{98345783-A289-4CC2-8322-774CAFC482E7}.Debug|Any CPU.ActiveCfg = Debug|Any CPU
		{98345783-A289-4CC2-8322-774CAFC482E7}.Debug|Any CPU.Build.0 = Debug|Any CPU
		{98345783-A289-4CC2-8322-774CAFC482E7}.Release|Any CPU.ActiveCfg = Release|Any CPU
		{98345783-A289-4CC2-8322-774CAFC482E7}.Release|Any CPU.Build.0 = Release|Any CPU
	EndGlobalSection
	GlobalSection(SolutionProperties) = preSolution
		HideSolutionNode = FALSE
	EndGlobalSection
	GlobalSection(ExtensibilityGlobals) = postSolution
		SolutionGuid = {99B122E0-CB4C-49CB-820C-1D8796B41980}
	EndGlobalSection
EndGlobal
