
Microsoft Visual Studio Solution File, Format Version 12.00
# Visual Studio Version 17
VisualStudioVersion = 17.12.35527.113 d17.12
MinimumVisualStudioVersion = 10.0.40219.1
Project("{FAE04EC0-301F-11D3-BF4B-00C04F79EFBC}") = "Nyelvvizsga", "Nyelvvizsga.csproj", "{DDE36CEC-71AD-4447-B527-F53BBD61CA79}"
EndProject
Global
	GlobalSection(SolutionConfigurationPlatforms) = preSolution
		Debug|Any CPU = Debug|Any CPU
		Release|Any CPU = Release|Any CPU
	EndGlobalSection
	GlobalSection(ProjectConfigurationPlatforms) = postSolution
		{DDE36CEC-71AD-4447-B527-F53BBD61CA79}.Debug|Any CPU.ActiveCfg = Debug|Any CPU
		{DDE36CEC-71AD-4447-B527-F53BBD61CA79}.Debug|Any CPU.Build.0 = Debug|Any CPU
		{DDE36CEC-71AD-4447-B527-F53BBD61CA79}.Release|Any CPU.ActiveCfg = Release|Any CPU
		{DDE36CEC-71AD-4447-B527-F53BBD61CA79}.Release|Any CPU.Build.0 = Release|Any CPU
	EndGlobalSection
	GlobalSection(SolutionProperties) = preSolution
		HideSolutionNode = FALSE
	EndGlobalSection
EndGlobal
