
Microsoft Visual Studio Solution File, Format Version 12.00
# Visual Studio Version 17
VisualStudioVersion = 17.11.35222.181
MinimumVisualStudioVersion = 10.0.40219.1
Project("{FAE04EC0-301F-11D3-BF4B-00C04F79EFBC}") = "Osztok", "Osztok.csproj", "{0AFA2C03-0C24-4285-A63A-1506B541A430}"
EndProject
Global
	GlobalSection(SolutionConfigurationPlatforms) = preSolution
		Debug|Any CPU = Debug|Any CPU
		Release|Any CPU = Release|Any CPU
	EndGlobalSection
	GlobalSection(ProjectConfigurationPlatforms) = postSolution
		{0AFA2C03-0C24-4285-A63A-1506B541A430}.Debug|Any CPU.ActiveCfg = Debug|Any CPU
		{0AFA2C03-0C24-4285-A63A-1506B541A430}.Debug|Any CPU.Build.0 = Debug|Any CPU
		{0AFA2C03-0C24-4285-A63A-1506B541A430}.Release|Any CPU.ActiveCfg = Release|Any CPU
		{0AFA2C03-0C24-4285-A63A-1506B541A430}.Release|Any CPU.Build.0 = Release|Any CPU
	EndGlobalSection
	GlobalSection(SolutionProperties) = preSolution
		HideSolutionNode = FALSE
	EndGlobalSection
	GlobalSection(ExtensibilityGlobals) = postSolution
		SolutionGuid = {A9CFBB23-487F-4C97-8A97-12E8836BCE16}
	EndGlobalSection
EndGlobal
