
Microsoft Visual Studio Solution File, Format Version 12.00
# Visual Studio Version 17
VisualStudioVersion = 17.11.35222.181
MinimumVisualStudioVersion = 10.0.40219.1
Project("{FAE04EC0-301F-11D3-BF4B-00C04F79EFBC}") = "Eljarasok", "Eljarasok.csproj", "{1D1C995C-9AB4-45B2-899C-37200C6B78EF}"
EndProject
Global
	GlobalSection(SolutionConfigurationPlatforms) = preSolution
		Debug|Any CPU = Debug|Any CPU
		Release|Any CPU = Release|Any CPU
	EndGlobalSection
	GlobalSection(ProjectConfigurationPlatforms) = postSolution
		{1D1C995C-9AB4-45B2-899C-37200C6B78EF}.Debug|Any CPU.ActiveCfg = Debug|Any CPU
		{1D1C995C-9AB4-45B2-899C-37200C6B78EF}.Debug|Any CPU.Build.0 = Debug|Any CPU
		{1D1C995C-9AB4-45B2-899C-37200C6B78EF}.Release|Any CPU.ActiveCfg = Release|Any CPU
		{1D1C995C-9AB4-45B2-899C-37200C6B78EF}.Release|Any CPU.Build.0 = Release|Any CPU
	EndGlobalSection
	GlobalSection(SolutionProperties) = preSolution
		HideSolutionNode = FALSE
	EndGlobalSection
	GlobalSection(ExtensibilityGlobals) = postSolution
		SolutionGuid = {03F69EB9-8AD5-4B06-8582-BBD250C4776A}
	EndGlobalSection
EndGlobal
