
Microsoft Visual Studio Solution File, Format Version 12.00
# Visual Studio Version 17
VisualStudioVersion = 17.11.35222.181
MinimumVisualStudioVersion = 10.0.40219.1
Project("{FAE04EC0-301F-11D3-BF4B-00C04F79EFBC}") = "Meleg", "Meleg.csproj", "{263CE75B-9C7D-484F-B707-CBC6CF0BC09A}"
EndProject
Global
	GlobalSection(SolutionConfigurationPlatforms) = preSolution
		Debug|Any CPU = Debug|Any CPU
		Release|Any CPU = Release|Any CPU
	EndGlobalSection
	GlobalSection(ProjectConfigurationPlatforms) = postSolution
		{263CE75B-9C7D-484F-B707-CBC6CF0BC09A}.Debug|Any CPU.ActiveCfg = Debug|Any CPU
		{263CE75B-9C7D-484F-B707-CBC6CF0BC09A}.Debug|Any CPU.Build.0 = Debug|Any CPU
		{263CE75B-9C7D-484F-B707-CBC6CF0BC09A}.Release|Any CPU.ActiveCfg = Release|Any CPU
		{263CE75B-9C7D-484F-B707-CBC6CF0BC09A}.Release|Any CPU.Build.0 = Release|Any CPU
	EndGlobalSection
	GlobalSection(SolutionProperties) = preSolution
		HideSolutionNode = FALSE
	EndGlobalSection
	GlobalSection(ExtensibilityGlobals) = postSolution
		SolutionGuid = {BB0A3E77-2C05-4928-9E31-F0CB4EA974CB}
	EndGlobalSection
EndGlobal
