
Microsoft Visual Studio Solution File, Format Version 12.00
# Visual Studio Version 17
VisualStudioVersion = 17.11.35222.181
MinimumVisualStudioVersion = 10.0.40219.1
Project("{FAE04EC0-301F-11D3-BF4B-00C04F79EFBC}") = "Vasarlas", "Vasarlas.csproj", "{8CCA7CA6-3D8D-4655-AEB0-4C2FD0EA15E1}"
EndProject
Global
	GlobalSection(SolutionConfigurationPlatforms) = preSolution
		Debug|Any CPU = Debug|Any CPU
		Release|Any CPU = Release|Any CPU
	EndGlobalSection
	GlobalSection(ProjectConfigurationPlatforms) = postSolution
		{8CCA7CA6-3D8D-4655-AEB0-4C2FD0EA15E1}.Debug|Any CPU.ActiveCfg = Debug|Any CPU
		{8CCA7CA6-3D8D-4655-AEB0-4C2FD0EA15E1}.Debug|Any CPU.Build.0 = Debug|Any CPU
		{8CCA7CA6-3D8D-4655-AEB0-4C2FD0EA15E1}.Release|Any CPU.ActiveCfg = Release|Any CPU
		{8CCA7CA6-3D8D-4655-AEB0-4C2FD0EA15E1}.Release|Any CPU.Build.0 = Release|Any CPU
	EndGlobalSection
	GlobalSection(SolutionProperties) = preSolution
		HideSolutionNode = FALSE
	EndGlobalSection
	GlobalSection(ExtensibilityGlobals) = postSolution
		SolutionGuid = {D9EB71DA-3CBA-4B11-864D-12701BA3A6DE}
	EndGlobalSection
EndGlobal
