
Microsoft Visual Studio Solution File, Format Version 12.00
# Visual Studio Version 17
VisualStudioVersion = 17.11.35219.272
MinimumVisualStudioVersion = 10.0.40219.1
Project("{FAE04EC0-301F-11D3-BF4B-00C04F79EFBC}") = "Korabban", "Korabban.csproj", "{06E9A879-589F-44E0-8F20-81BB89CC52F2}"
EndProject
Global
	GlobalSection(SolutionConfigurationPlatforms) = preSolution
		Debug|Any CPU = Debug|Any CPU
		Release|Any CPU = Release|Any CPU
	EndGlobalSection
	GlobalSection(ProjectConfigurationPlatforms) = postSolution
		{06E9A879-589F-44E0-8F20-81BB89CC52F2}.Debug|Any CPU.ActiveCfg = Debug|Any CPU
		{06E9A879-589F-44E0-8F20-81BB89CC52F2}.Debug|Any CPU.Build.0 = Debug|Any CPU
		{06E9A879-589F-44E0-8F20-81BB89CC52F2}.Release|Any CPU.ActiveCfg = Release|Any CPU
		{06E9A879-589F-44E0-8F20-81BB89CC52F2}.Release|Any CPU.Build.0 = Release|Any CPU
	EndGlobalSection
	GlobalSection(SolutionProperties) = preSolution
		HideSolutionNode = FALSE
	EndGlobalSection
	GlobalSection(ExtensibilityGlobals) = postSolution
		SolutionGuid = {CC6955D4-6538-4927-968E-4AAC6E1ACD62}
	EndGlobalSection
EndGlobal
