
Microsoft Visual Studio Solution File, Format Version 12.00
# Visual Studio Version 17
VisualStudioVersion = 17.10.35122.118
MinimumVisualStudioVersion = 10.0.40219.1
Project("{FAE04EC0-301F-11D3-BF4B-00C04F79EFBC}") = "Masodfoku", "Masodfoku.csproj", "{22916AB8-CE33-4DE9-AC8C-78D7D73EFED4}"
EndProject
Global
	GlobalSection(SolutionConfigurationPlatforms) = preSolution
		Debug|Any CPU = Debug|Any CPU
		Release|Any CPU = Release|Any CPU
	EndGlobalSection
	GlobalSection(ProjectConfigurationPlatforms) = postSolution
		{22916AB8-CE33-4DE9-AC8C-78D7D73EFED4}.Debug|Any CPU.ActiveCfg = Debug|Any CPU
		{22916AB8-CE33-4DE9-AC8C-78D7D73EFED4}.Debug|Any CPU.Build.0 = Debug|Any CPU
		{22916AB8-CE33-4DE9-AC8C-78D7D73EFED4}.Release|Any CPU.ActiveCfg = Release|Any CPU
		{22916AB8-CE33-4DE9-AC8C-78D7D73EFED4}.Release|Any CPU.Build.0 = Release|Any CPU
	EndGlobalSection
	GlobalSection(SolutionProperties) = preSolution
		HideSolutionNode = FALSE
	EndGlobalSection
	GlobalSection(ExtensibilityGlobals) = postSolution
		SolutionGuid = {7AE09D66-0976-4CB5-878B-B40B91D59E04}
	EndGlobalSection
EndGlobal
