
Microsoft Visual Studio Solution File, Format Version 12.00
# Visual Studio Version 17
VisualStudioVersion = 17.11.35222.181
MinimumVisualStudioVersion = 10.0.40219.1
Project("{FAE04EC0-301F-11D3-BF4B-00C04F79EFBC}") = "Hatvany", "Hatvany.csproj", "{56FA2509-E00C-40BE-A151-A179E026C245}"
EndProject
Global
	GlobalSection(SolutionConfigurationPlatforms) = preSolution
		Debug|Any CPU = Debug|Any CPU
		Release|Any CPU = Release|Any CPU
	EndGlobalSection
	GlobalSection(ProjectConfigurationPlatforms) = postSolution
		{56FA2509-E00C-40BE-A151-A179E026C245}.Debug|Any CPU.ActiveCfg = Debug|Any CPU
		{56FA2509-E00C-40BE-A151-A179E026C245}.Debug|Any CPU.Build.0 = Debug|Any CPU
		{56FA2509-E00C-40BE-A151-A179E026C245}.Release|Any CPU.ActiveCfg = Release|Any CPU
		{56FA2509-E00C-40BE-A151-A179E026C245}.Release|Any CPU.Build.0 = Release|Any CPU
	EndGlobalSection
	GlobalSection(SolutionProperties) = preSolution
		HideSolutionNode = FALSE
	EndGlobalSection
	GlobalSection(ExtensibilityGlobals) = postSolution
		SolutionGuid = {431018ED-7EC5-4DC7-BB29-F67715476C38}
	EndGlobalSection
EndGlobal
