
Microsoft Visual Studio Solution File, Format Version 12.00
# Visual Studio Version 17
VisualStudioVersion = 17.11.35222.181
MinimumVisualStudioVersion = 10.0.40219.1
Project("{FAE04EC0-301F-11D3-BF4B-00C04F79EFBC}") = "Fajlok", "Fajlok.csproj", "{C13C20F9-BD54-49C6-9F5E-EE9A407C9D79}"
EndProject
Global
	GlobalSection(SolutionConfigurationPlatforms) = preSolution
		Debug|Any CPU = Debug|Any CPU
		Release|Any CPU = Release|Any CPU
	EndGlobalSection
	GlobalSection(ProjectConfigurationPlatforms) = postSolution
		{C13C20F9-BD54-49C6-9F5E-EE9A407C9D79}.Debug|Any CPU.ActiveCfg = Debug|Any CPU
		{C13C20F9-BD54-49C6-9F5E-EE9A407C9D79}.Debug|Any CPU.Build.0 = Debug|Any CPU
		{C13C20F9-BD54-49C6-9F5E-EE9A407C9D79}.Release|Any CPU.ActiveCfg = Release|Any CPU
		{C13C20F9-BD54-49C6-9F5E-EE9A407C9D79}.Release|Any CPU.Build.0 = Release|Any CPU
	EndGlobalSection
	GlobalSection(SolutionProperties) = preSolution
		HideSolutionNode = FALSE
	EndGlobalSection
	GlobalSection(ExtensibilityGlobals) = postSolution
		SolutionGuid = {CEBC94F8-1EFA-47D7-B3DC-6E25666F511E}
	EndGlobalSection
EndGlobal
