
Microsoft Visual Studio Solution File, Format Version 12.00
# Visual Studio Version 17
VisualStudioVersion = 17.11.35222.181
MinimumVisualStudioVersion = 10.0.40219.1
Project("{FAE04EC0-301F-11D3-BF4B-00C04F79EFBC}") = "Eredmenytelen", "Eredmenytelen.csproj", "{E9AD9E06-B538-4F15-B6EA-77F28B2420AC}"
EndProject
Global
	GlobalSection(SolutionConfigurationPlatforms) = preSolution
		Debug|Any CPU = Debug|Any CPU
		Release|Any CPU = Release|Any CPU
	EndGlobalSection
	GlobalSection(ProjectConfigurationPlatforms) = postSolution
		{E9AD9E06-B538-4F15-B6EA-77F28B2420AC}.Debug|Any CPU.ActiveCfg = Debug|Any CPU
		{E9AD9E06-B538-4F15-B6EA-77F28B2420AC}.Debug|Any CPU.Build.0 = Debug|Any CPU
		{E9AD9E06-B538-4F15-B6EA-77F28B2420AC}.Release|Any CPU.ActiveCfg = Release|Any CPU
		{E9AD9E06-B538-4F15-B6EA-77F28B2420AC}.Release|Any CPU.Build.0 = Release|Any CPU
	EndGlobalSection
	GlobalSection(SolutionProperties) = preSolution
		HideSolutionNode = FALSE
	EndGlobalSection
	GlobalSection(ExtensibilityGlobals) = postSolution
		SolutionGuid = {BCB7661A-5F32-4A10-883C-0FF9008E1EFB}
	EndGlobalSection
EndGlobal
